// !$*UTF8*$!
{
	archiveVersion = 1;
	classes = {
	};
	objectVersion = 46;
	objects = {

/* Begin PBXBuildFile section */
		6F76ACB71523D8640029416F /* VoronoiConstants.m in Sources */ = {isa = PBXBuildFile; fileRef = 6F76ACB61523D8640029416F /* VoronoiConstants.m */; };
		6F7BC92E151BC2750013CDD7 /* Cocoa.framework in Frameworks */ = {isa = PBXBuildFile; fileRef = 6F7BC92D151BC2750013CDD7 /* Cocoa.framework */; };
		6F7BC938151BC2750013CDD7 /* InfoPlist.strings in Resources */ = {isa = PBXBuildFile; fileRef = 6F7BC936151BC2750013CDD7 /* InfoPlist.strings */; };
		6F7BC93A151BC2750013CDD7 /* main.m in Sources */ = {isa = PBXBuildFile; fileRef = 6F7BC939151BC2750013CDD7 /* main.m */; };
		6F7BC93E151BC2750013CDD7 /* Credits.rtf in Resources */ = {isa = PBXBuildFile; fileRef = 6F7BC93C151BC2750013CDD7 /* Credits.rtf */; };
		6F7BC941151BC2750013CDD7 /* VoronoiAppDelegate.m in Sources */ = {isa = PBXBuildFile; fileRef = 6F7BC940151BC2750013CDD7 /* VoronoiAppDelegate.m */; };
		6F7BC944151BC2760013CDD7 /* MainMenu.xib in Resources */ = {isa = PBXBuildFile; fileRef = 6F7BC942151BC2750013CDD7 /* MainMenu.xib */; };
		6F7BC951151BF67A0013CDD7 /* Voronoi.m in Sources */ = {isa = PBXBuildFile; fileRef = 6F7BC950151BF67A0013CDD7 /* Voronoi.m */; };
		6F7BC960151C1AB90013CDD7 /* RBTree.m in Sources */ = {isa = PBXBuildFile; fileRef = 6F7BC95F151C1AB90013CDD7 /* RBTree.m */; };
		6F7BC967151C1F2C0013CDD7 /* Beachsection.m in Sources */ = {isa = PBXBuildFile; fileRef = 6F7BC966151C1F2C0013CDD7 /* Beachsection.m */; };
		6F7BC96A151C1F3A0013CDD7 /* CircleEvent.m in Sources */ = {isa = PBXBuildFile; fileRef = 6F7BC969151C1F3A0013CDD7 /* CircleEvent.m */; };
		6F7BC96D151CD4130013CDD7 /* Site.m in Sources */ = {isa = PBXBuildFile; fileRef = 6F7BC96C151CD4130013CDD7 /* Site.m */; };
		6F7BC970151CE2790013CDD7 /* Cell.m in Sources */ = {isa = PBXBuildFile; fileRef = 6F7BC96F151CE2790013CDD7 /* Cell.m */; };
		6F7BC973151CE87C0013CDD7 /* VoronoiResult.m in Sources */ = {isa = PBXBuildFile; fileRef = 6F7BC972151CE87C0013CDD7 /* VoronoiResult.m */; };
		6FD9DCA01520F211006E3B85 /* Edge.m in Sources */ = {isa = PBXBuildFile; fileRef = 6FD9DC9F1520F211006E3B85 /* Edge.m */; };
		6FD9DCA71520F72C006E3B85 /* Vertex.m in Sources */ = {isa = PBXBuildFile; fileRef = 6FD9DCA61520F72C006E3B85 /* Vertex.m */; };
		6FD9DCAA15221268006E3B85 /* Halfedge.m in Sources */ = {isa = PBXBuildFile; fileRef = 6FD9DCA915221268006E3B85 /* Halfedge.m */; };
		6FD9DCAE15225267006E3B85 /* VoronoiController.m in Sources */ = {isa = PBXBuildFile; fileRef = 6FD9DCAD15225267006E3B85 /* VoronoiController.m */; };
		6FD9DCB115225663006E3B85 /* VoronoiView.m in Sources */ = {isa = PBXBuildFile; fileRef = 6FD9DCB015225663006E3B85 /* VoronoiView.m */; };
/* End PBXBuildFile section */

/* Begin PBXFileReference section */
		6F76ACB51523D8640029416F /* VoronoiConstants.h */ = {isa = PBXFileReference; fileEncoding = 4; lastKnownFileType = sourcecode.c.h; path = VoronoiConstants.h; sourceTree = "<group>"; };
		6F76ACB61523D8640029416F /* VoronoiConstants.m */ = {isa = PBXFileReference; fileEncoding = 4; lastKnownFileType = sourcecode.c.objc; path = VoronoiConstants.m; sourceTree = "<group>"; };
		6F7BC929151BC2750013CDD7 /* objcvoronoi.app */ = {isa = PBXFileReference; explicitFileType = wrapper.application; includeInIndex = 0; path = objcvoronoi.app; sourceTree = BUILT_PRODUCTS_DIR; };
		6F7BC92D151BC2750013CDD7 /* Cocoa.framework */ = {isa = PBXFileReference; lastKnownFileType = wrapper.framework; name = Cocoa.framework; path = System/Library/Frameworks/Cocoa.framework; sourceTree = SDKROOT; };
		6F7BC930151BC2750013CDD7 /* AppKit.framework */ = {isa = PBXFileReference; lastKnownFileType = wrapper.framework; name = AppKit.framework; path = System/Library/Frameworks/AppKit.framework; sourceTree = SDKROOT; };
		6F7BC931151BC2750013CDD7 /* CoreData.framework */ = {isa = PBXFileReference; lastKnownFileType = wrapper.framework; name = CoreData.framework; path = System/Library/Frameworks/CoreData.framework; sourceTree = SDKROOT; };
		6F7BC932151BC2750013CDD7 /* Foundation.framework */ = {isa = PBXFileReference; lastKnownFileType = wrapper.framework; name = Foundation.framework; path = System/Library/Frameworks/Foundation.framework; sourceTree = SDKROOT; };
		6F7BC935151BC2750013CDD7 /* objcvoronoi-Info.plist */ = {isa = PBXFileReference; lastKnownFileType = text.plist.xml; path = "objcvoronoi-Info.plist"; sourceTree = "<group>"; };
		6F7BC937151BC2750013CDD7 /* en */ = {isa = PBXFileReference; lastKnownFileType = text.plist.strings; name = en; path = en.lproj/InfoPlist.strings; sourceTree = "<group>"; };
		6F7BC939151BC2750013CDD7 /* main.m */ = {isa = PBXFileReference; lastKnownFileType = sourcecode.c.objc; path = main.m; sourceTree = "<group>"; };
		6F7BC93B151BC2750013CDD7 /* objcvoronoi-Prefix.pch */ = {isa = PBXFileReference; lastKnownFileType = sourcecode.c.h; path = "objcvoronoi-Prefix.pch"; sourceTree = "<group>"; };
		6F7BC93D151BC2750013CDD7 /* en */ = {isa = PBXFileReference; lastKnownFileType = text.rtf; name = en; path = en.lproj/Credits.rtf; sourceTree = "<group>"; };
		6F7BC93F151BC2750013CDD7 /* VoronoiAppDelegate.h */ = {isa = PBXFileReference; lastKnownFileType = sourcecode.c.h; path = VoronoiAppDelegate.h; sourceTree = "<group>"; };
		6F7BC940151BC2750013CDD7 /* VoronoiAppDelegate.m */ = {isa = PBXFileReference; lastKnownFileType = sourcecode.c.objc; path = VoronoiAppDelegate.m; sourceTree = "<group>"; };
		6F7BC943151BC2760013CDD7 /* en */ = {isa = PBXFileReference; lastKnownFileType = file.xib; name = en; path = en.lproj/MainMenu.xib; sourceTree = "<group>"; };
		6F7BC94F151BF67A0013CDD7 /* Voronoi.h */ = {isa = PBXFileReference; fileEncoding = 4; lastKnownFileType = sourcecode.c.h; path = Voronoi.h; sourceTree = "<group>"; };
		6F7BC950151BF67A0013CDD7 /* Voronoi.m */ = {isa = PBXFileReference; fileEncoding = 4; lastKnownFileType = sourcecode.c.objc; path = Voronoi.m; sourceTree = "<group>"; };
		6F7BC95E151C1AB90013CDD7 /* RBTree.h */ = {isa = PBXFileReference; fileEncoding = 4; lastKnownFileType = sourcecode.c.h; path = RBTree.h; sourceTree = "<group>"; };
		6F7BC95F151C1AB90013CDD7 /* RBTree.m */ = {isa = PBXFileReference; fileEncoding = 4; lastKnownFileType = sourcecode.c.objc; path = RBTree.m; sourceTree = "<group>"; };
		6F7BC965151C1F2C0013CDD7 /* Beachsection.h */ = {isa = PBXFileReference; fileEncoding = 4; lastKnownFileType = sourcecode.c.h; path = Beachsection.h; sourceTree = "<group>"; };
		6F7BC966151C1F2C0013CDD7 /* Beachsection.m */ = {isa = PBXFileReference; fileEncoding = 4; lastKnownFileType = sourcecode.c.objc; path = Beachsection.m; sourceTree = "<group>"; };
		6F7BC968151C1F3A0013CDD7 /* CircleEvent.h */ = {isa = PBXFileReference; fileEncoding = 4; lastKnownFileType = sourcecode.c.h; path = CircleEvent.h; sourceTree = "<group>"; };
		6F7BC969151C1F3A0013CDD7 /* CircleEvent.m */ = {isa = PBXFileReference; fileEncoding = 4; lastKnownFileType = sourcecode.c.objc; path = CircleEvent.m; sourceTree = "<group>"; };
		6F7BC96B151CD4130013CDD7 /* Site.h */ = {isa = PBXFileReference; fileEncoding = 4; lastKnownFileType = sourcecode.c.h; path = Site.h; sourceTree = "<group>"; };
		6F7BC96C151CD4130013CDD7 /* Site.m */ = {isa = PBXFileReference; fileEncoding = 4; lastKnownFileType = sourcecode.c.objc; path = Site.m; sourceTree = "<group>"; };
		6F7BC96E151CE2790013CDD7 /* Cell.h */ = {isa = PBXFileReference; fileEncoding = 4; lastKnownFileType = sourcecode.c.h; path = Cell.h; sourceTree = "<group>"; };
		6F7BC96F151CE2790013CDD7 /* Cell.m */ = {isa = PBXFileReference; fileEncoding = 4; lastKnownFileType = sourcecode.c.objc; path = Cell.m; sourceTree = "<group>"; };
		6F7BC971151CE87C0013CDD7 /* VoronoiResult.h */ = {isa = PBXFileReference; fileEncoding = 4; lastKnownFileType = sourcecode.c.h; path = VoronoiResult.h; sourceTree = "<group>"; };
		6F7BC972151CE87C0013CDD7 /* VoronoiResult.m */ = {isa = PBXFileReference; fileEncoding = 4; lastKnownFileType = sourcecode.c.objc; path = VoronoiResult.m; sourceTree = "<group>"; };
		6FD9DC9E1520F211006E3B85 /* Edge.h */ = {isa = PBXFileReference; fileEncoding = 4; lastKnownFileType = sourcecode.c.h; path = Edge.h; sourceTree = "<group>"; };
		6FD9DC9F1520F211006E3B85 /* Edge.m */ = {isa = PBXFileReference; fileEncoding = 4; lastKnownFileType = sourcecode.c.objc; path = Edge.m; sourceTree = "<group>"; };
		6FD9DCA51520F72C006E3B85 /* Vertex.h */ = {isa = PBXFileReference; fileEncoding = 4; lastKnownFileType = sourcecode.c.h; path = Vertex.h; sourceTree = "<group>"; };
		6FD9DCA61520F72C006E3B85 /* Vertex.m */ = {isa = PBXFileReference; fileEncoding = 4; lastKnownFileType = sourcecode.c.objc; path = Vertex.m; sourceTree = "<group>"; };
		6FD9DCA815221268006E3B85 /* Halfedge.h */ = {isa = PBXFileReference; fileEncoding = 4; lastKnownFileType = sourcecode.c.h; path = Halfedge.h; sourceTree = "<group>"; };
		6FD9DCA915221268006E3B85 /* Halfedge.m */ = {isa = PBXFileReference; fileEncoding = 4; lastKnownFileType = sourcecode.c.objc; path = Halfedge.m; sourceTree = "<group>"; };
		6FD9DCAC15225267006E3B85 /* VoronoiController.h */ = {isa = PBXFileReference; fileEncoding = 4; lastKnownFileType = sourcecode.c.h; path = VoronoiController.h; sourceTree = "<group>"; };
		6FD9DCAD15225267006E3B85 /* VoronoiController.m */ = {isa = PBXFileReference; fileEncoding = 4; lastKnownFileType = sourcecode.c.objc; path = VoronoiController.m; sourceTree = "<group>"; };
		6FD9DCAF15225663006E3B85 /* VoronoiView.h */ = {isa = PBXFileReference; fileEncoding = 4; lastKnownFileType = sourcecode.c.h; path = VoronoiView.h; sourceTree = "<group>"; };
		6FD9DCB015225663006E3B85 /* VoronoiView.m */ = {isa = PBXFileReference; fileEncoding = 4; lastKnownFileType = sourcecode.c.objc; path = VoronoiView.m; sourceTree = "<group>"; };
/* End PBXFileReference section */

/* Begin PBXFrameworksBuildPhase section */
		6F7BC926151BC2750013CDD7 /* Frameworks */ = {
			isa = PBXFrameworksBuildPhase;
			buildActionMask = 2147483647;
			files = (
				6F7BC92E151BC2750013CDD7 /* Cocoa.framework in Frameworks */,
			);
			runOnlyForDeploymentPostprocessing = 0;
		};
/* End PBXFrameworksBuildPhase section */

/* Begin PBXGroup section */
		6F7BC91E151BC2750013CDD7 = {
			isa = PBXGroup;
			children = (
				6F7BC933151BC2750013CDD7 /* objcvoronoi */,
				6F7BC92C151BC2750013CDD7 /* Frameworks */,
				6F7BC92A151BC2750013CDD7 /* Products */,
			);
			sourceTree = "<group>";
		};
		6F7BC92A151BC2750013CDD7 /* Products */ = {
			isa = PBXGroup;
			children = (
				6F7BC929151BC2750013CDD7 /* objcvoronoi.app */,
			);
			name = Products;
			sourceTree = "<group>";
		};
		6F7BC92C151BC2750013CDD7 /* Frameworks */ = {
			isa = PBXGroup;
			children = (
				6F7BC92D151BC2750013CDD7 /* Cocoa.framework */,
				6F7BC92F151BC2750013CDD7 /* Other Frameworks */,
			);
			name = Frameworks;
			sourceTree = "<group>";
		};
		6F7BC92F151BC2750013CDD7 /* Other Frameworks */ = {
			isa = PBXGroup;
			children = (
				6F7BC930151BC2750013CDD7 /* AppKit.framework */,
				6F7BC931151BC2750013CDD7 /* CoreData.framework */,
				6F7BC932151BC2750013CDD7 /* Foundation.framework */,
			);
			name = "Other Frameworks";
			sourceTree = "<group>";
		};
		6F7BC933151BC2750013CDD7 /* objcvoronoi */ = {
			isa = PBXGroup;
			children = (
				6F7BC93F151BC2750013CDD7 /* VoronoiAppDelegate.h */,
				6F7BC940151BC2750013CDD7 /* VoronoiAppDelegate.m */,
				6F7BC942151BC2750013CDD7 /* MainMenu.xib */,
				6FD9DCAC15225267006E3B85 /* VoronoiController.h */,
				6FD9DCAD15225267006E3B85 /* VoronoiController.m */,
				6FD9DCAF15225663006E3B85 /* VoronoiView.h */,
				6FD9DCB015225663006E3B85 /* VoronoiView.m */,
				6FD9DCAB1522524F006E3B85 /* Voronoi */,
				6F7BC934151BC2750013CDD7 /* Supporting Files */,
			);
			path = objcvoronoi;
			sourceTree = "<group>";
		};
		6F7BC934151BC2750013CDD7 /* Supporting Files */ = {
			isa = PBXGroup;
			children = (
				6F7BC935151BC2750013CDD7 /* objcvoronoi-Info.plist */,
				6F7BC936151BC2750013CDD7 /* InfoPlist.strings */,
				6F7BC939151BC2750013CDD7 /* main.m */,
				6F7BC93B151BC2750013CDD7 /* objcvoronoi-Prefix.pch */,
				6F7BC93C151BC2750013CDD7 /* Credits.rtf */,
			);
			name = "Supporting Files";
			sourceTree = "<group>";
		};
		6FD9DCAB1522524F006E3B85 /* Voronoi */ = {
			isa = PBXGroup;
			children = (
				6F7BC94F151BF67A0013CDD7 /* Voronoi.h */,
				6F7BC950151BF67A0013CDD7 /* Voronoi.m */,
				6F76ACB51523D8640029416F /* VoronoiConstants.h */,
				6F76ACB61523D8640029416F /* VoronoiConstants.m */,
				6F7BC971151CE87C0013CDD7 /* VoronoiResult.h */,
				6F7BC972151CE87C0013CDD7 /* VoronoiResult.m */,
				6F7BC95E151C1AB90013CDD7 /* RBTree.h */,
				6F7BC95F151C1AB90013CDD7 /* RBTree.m */,
				6F7BC965151C1F2C0013CDD7 /* Beachsection.h */,
				6F7BC966151C1F2C0013CDD7 /* Beachsection.m */,
				6F7BC968151C1F3A0013CDD7 /* CircleEvent.h */,
				6F7BC969151C1F3A0013CDD7 /* CircleEvent.m */,
				6F7BC96B151CD4130013CDD7 /* Site.h */,
				6F7BC96C151CD4130013CDD7 /* Site.m */,
				6F7BC96E151CE2790013CDD7 /* Cell.h */,
				6F7BC96F151CE2790013CDD7 /* Cell.m */,
				6FD9DC9E1520F211006E3B85 /* Edge.h */,
				6FD9DC9F1520F211006E3B85 /* Edge.m */,
				6FD9DCA815221268006E3B85 /* Halfedge.h */,
				6FD9DCA915221268006E3B85 /* Halfedge.m */,
				6FD9DCA51520F72C006E3B85 /* Vertex.h */,
				6FD9DCA61520F72C006E3B85 /* Vertex.m */,
			);
			name = Voronoi;
			sourceTree = "<group>";
		};
/* End PBXGroup section */

/* Begin PBXNativeTarget section */
		6F7BC928151BC2750013CDD7 /* objcvoronoi */ = {
			isa = PBXNativeTarget;
			buildConfigurationList = 6F7BC947151BC2760013CDD7 /* Build configuration list for PBXNativeTarget "objcvoronoi" */;
			buildPhases = (
				6F7BC925151BC2750013CDD7 /* Sources */,
				6F7BC926151BC2750013CDD7 /* Frameworks */,
				6F7BC927151BC2750013CDD7 /* Resources */,
			);
			buildRules = (
			);
			dependencies = (
			);
			name = objcvoronoi;
			productName = objcvoronoi;
			productReference = 6F7BC929151BC2750013CDD7 /* objcvoronoi.app */;
			productType = "com.apple.product-type.application";
		};
/* End PBXNativeTarget section */

/* Begin PBXProject section */
		6F7BC920151BC2750013CDD7 /* Project object */ = {
			isa = PBXProject;
			attributes = {
				LastUpgradeCheck = 0420;
				ORGANIZATIONNAME = "The Perihelion Group";
			};
			buildConfigurationList = 6F7BC923151BC2750013CDD7 /* Build configuration list for PBXProject "objcvoronoi" */;
			compatibilityVersion = "Xcode 3.2";
			developmentRegion = English;
			hasScannedForEncodings = 0;
			knownRegions = (
				en,
			);
			mainGroup = 6F7BC91E151BC2750013CDD7;
			productRefGroup = 6F7BC92A151BC2750013CDD7 /* Products */;
			projectDirPath = "";
			projectRoot = "";
			targets = (
				6F7BC928151BC2750013CDD7 /* objcvoronoi */,
			);
		};
/* End PBXProject section */

/* Begin PBXResourcesBuildPhase section */
		6F7BC927151BC2750013CDD7 /* Resources */ = {
			isa = PBXResourcesBuildPhase;
			buildActionMask = 2147483647;
			files = (
				6F7BC938151BC2750013CDD7 /* InfoPlist.strings in Resources */,
				6F7BC93E151BC2750013CDD7 /* Credits.rtf in Resources */,
				6F7BC944151BC2760013CDD7 /* MainMenu.xib in Resources */,
			);
			runOnlyForDeploymentPostprocessing = 0;
		};
/* End PBXResourcesBuildPhase section */

/* Begin PBXSourcesBuildPhase section */
		6F7BC925151BC2750013CDD7 /* Sources */ = {
			isa = PBXSourcesBuildPhase;
			buildActionMask = 2147483647;
			files = (
				6F7BC93A151BC2750013CDD7 /* main.m in Sources */,
				6F7BC941151BC2750013CDD7 /* VoronoiAppDelegate.m in Sources */,
				6F7BC951151BF67A0013CDD7 /* Voronoi.m in Sources */,
				6F7BC960151C1AB90013CDD7 /* RBTree.m in Sources */,
				6F7BC967151C1F2C0013CDD7 /* Beachsection.m in Sources */,
				6F7BC96A151C1F3A0013CDD7 /* CircleEvent.m in Sources */,
				6F7BC96D151CD4130013CDD7 /* Site.m in Sources */,
				6F7BC970151CE2790013CDD7 /* Cell.m in Sources */,
				6F7BC973151CE87C0013CDD7 /* VoronoiResult.m in Sources */,
				6FD9DCA01520F211006E3B85 /* Edge.m in Sources */,
				6FD9DCA71520F72C006E3B85 /* Vertex.m in Sources */,
				6FD9DCAA15221268006E3B85 /* Halfedge.m in Sources */,
				6FD9DCAE15225267006E3B85 /* VoronoiController.m in Sources */,
				6FD9DCB115225663006E3B85 /* VoronoiView.m in Sources */,
				6F76ACB71523D8640029416F /* VoronoiConstants.m in Sources */,
			);
			runOnlyForDeploymentPostprocessing = 0;
		};
/* End PBXSourcesBuildPhase section */

/* Begin PBXVariantGroup section */
		6F7BC936151BC2750013CDD7 /* InfoPlist.strings */ = {
			isa = PBXVariantGroup;
			children = (
				6F7BC937151BC2750013CDD7 /* en */,
			);
			name = InfoPlist.strings;
			sourceTree = "<group>";
		};
		6F7BC93C151BC2750013CDD7 /* Credits.rtf */ = {
			isa = PBXVariantGroup;
			children = (
				6F7BC93D151BC2750013CDD7 /* en */,
			);
			name = Credits.rtf;
			sourceTree = "<group>";
		};
		6F7BC942151BC2750013CDD7 /* MainMenu.xib */ = {
			isa = PBXVariantGroup;
			children = (
				6F7BC943151BC2760013CDD7 /* en */,
			);
			name = MainMenu.xib;
			sourceTree = "<group>";
		};
/* End PBXVariantGroup section */

/* Begin XCBuildConfiguration section */
		6F7BC945151BC2760013CDD7 /* Debug */ = {
			isa = XCBuildConfiguration;
			buildSettings = {
				ALWAYS_SEARCH_USER_PATHS = NO;
				ARCHS = "$(ARCHS_STANDARD_64_BIT)";
				CLANG_ENABLE_OBJC_ARC = YES;
				COPY_PHASE_STRIP = NO;
				GCC_C_LANGUAGE_STANDARD = gnu99;
				GCC_DYNAMIC_NO_PIC = NO;
				GCC_ENABLE_OBJC_EXCEPTIONS = YES;
				GCC_OPTIMIZATION_LEVEL = 0;
				GCC_PREPROCESSOR_DEFINITIONS = (
					"DEBUG=1",
					"$(inherited)",
				);
				GCC_SYMBOLS_PRIVATE_EXTERN = NO;
				GCC_VERSION = com.apple.compilers.llvm.clang.1_0;
				GCC_WARN_64_TO_32_BIT_CONVERSION = YES;
				GCC_WARN_ABOUT_MISSING_PROTOTYPES = YES;
				GCC_WARN_ABOUT_RETURN_TYPE = YES;
				GCC_WARN_UNUSED_VARIABLE = YES;
				MACOSX_DEPLOYMENT_TARGET = 10.7;
				ONLY_ACTIVE_ARCH = YES;
				SDKROOT = macosx;
			};
			name = Debug;
		};
		6F7BC946151BC2760013CDD7 /* Release */ = {
			isa = XCBuildConfiguration;
			buildSettings = {
				ALWAYS_SEARCH_USER_PATHS = NO;
				ARCHS = "$(ARCHS_STANDARD_64_BIT)";
				CLANG_ENABLE_OBJC_ARC = YES;
				COPY_PHASE_STRIP = YES;
				DEBUG_INFORMATION_FORMAT = "dwarf-with-dsym";
				GCC_C_LANGUAGE_STANDARD = gnu99;
				GCC_ENABLE_OBJC_EXCEPTIONS = YES;
				GCC_VERSION = com.apple.compilers.llvm.clang.1_0;
				GCC_WARN_64_TO_32_BIT_CONVERSION = YES;
				GCC_WARN_ABOUT_MISSING_PROTOTYPES = YES;
				GCC_WARN_ABOUT_RETURN_TYPE = YES;
				GCC_WARN_UNUSED_VARIABLE = YES;
				MACOSX_DEPLOYMENT_TARGET = 10.7;
				SDKROOT = macosx;
			};
			name = Release;
		};
		6F7BC948151BC2760013CDD7 /* Debug */ = {
			isa = XCBuildConfiguration;
			buildSettings = {
				GCC_PRECOMPILE_PREFIX_HEADER = YES;
				GCC_PREFIX_HEADER = "objcvoronoi/objcvoronoi-Prefix.pch";
				INFOPLIST_FILE = "objcvoronoi/objcvoronoi-Info.plist";
				PRODUCT_NAME = "$(TARGET_NAME)";
				WRAPPER_EXTENSION = app;
			};
			name = Debug;
		};
		6F7BC949151BC2760013CDD7 /* Release */ = {
			isa = XCBuildConfiguration;
			buildSettings = {
				GCC_PRECOMPILE_PREFIX_HEADER = YES;
				GCC_PREFIX_HEADER = "objcvoronoi/objcvoronoi-Prefix.pch";
				INFOPLIST_FILE = "objcvoronoi/objcvoronoi-Info.plist";
				PRODUCT_NAME = "$(TARGET_NAME)";
				WRAPPER_EXTENSION = app;
			};
			name = Release;
		};
/* End XCBuildConfiguration section */

/* Begin XCConfigurationList section */
		6F7BC923151BC2750013CDD7 /* Build configuration list for PBXProject "objcvoronoi" */ = {
			isa = XCConfigurationList;
			buildConfigurations = (
				6F7BC945151BC2760013CDD7 /* Debug */,
				6F7BC946151BC2760013CDD7 /* Release */,
			);
			defaultConfigurationIsVisible = 0;
			defaultConfigurationName = Release;
		};
		6F7BC947151BC2760013CDD7 /* Build configuration list for PBXNativeTarget "objcvoronoi" */ = {
			isa = XCConfigurationList;
			buildConfigurations = (
				6F7BC948151BC2760013CDD7 /* Debug */,
				6F7BC949151BC2760013CDD7 /* Release */,
			);
			defaultConfigurationIsVisible = 0;
			defaultConfigurationName = Release;
		};
/* End XCConfigurationList section */
	};
	rootObject = 6F7BC920151BC2750013CDD7 /* Project object */;
}
